// !$*UTF8*$!
{
	archiveVersion = 1;
	classes = {
	};
	objectVersion = 46;
	objects = {

/* Begin PBXBuildFile section */
		8F4E982EAD6AF7A0E413AF0E /* libPods.a in Frameworks */ = {isa = PBXBuildFile; fileRef = B7B98C4231D54EEE44FB41AC /* libPods.a */; settings = {ATTRIBUTES = (Weak, ); }; };
		E085F9AE1C46510C00838701 /* main.m in Sources */ = {isa = PBXBuildFile; fileRef = E085F9AD1C46510C00838701 /* main.m */; };
		E085F9B11C46510C00838701 /* AppDelegate.m in Sources */ = {isa = PBXBuildFile; fileRef = E085F9B01C46510C00838701 /* AppDelegate.m */; };
		E085F9B71C46510C00838701 /* Main.storyboard in Resources */ = {isa = PBXBuildFile; fileRef = E085F9B51C46510C00838701 /* Main.storyboard */; };
		E085F9B91C46510C00838701 /* Assets.xcassets in Resources */ = {isa = PBXBuildFile; fileRef = E085F9B81C46510C00838701 /* Assets.xcassets */; };
		E085F9BC1C46510C00838701 /* LaunchScreen.storyboard in Resources */ = {isa = PBXBuildFile; fileRef = E085F9BA1C46510C00838701 /* LaunchScreen.storyboard */; };
		E085F9C71C46510C00838701 /* MADAOPostTests.m in Sources */ = {isa = PBXBuildFile; fileRef = E085F9C61C46510C00838701 /* MADAOPostTests.m */; };
		E085F9D21C46510C00838701 /* MADAOPostUITests.m in Sources */ = {isa = PBXBuildFile; fileRef = E085F9D11C46510C00838701 /* MADAOPostUITests.m */; };
		E085F9E71C4654BB00838701 /* DetailRequestViewController.m in Sources */ = {isa = PBXBuildFile; fileRef = E085F9E61C4654BB00838701 /* DetailRequestViewController.m */; };
		E085F9ED1C4657DA00838701 /* ParamsTableViewCell.m in Sources */ = {isa = PBXBuildFile; fileRef = E085F9EB1C4657DA00838701 /* ParamsTableViewCell.m */; };
		E085F9F21C4681CF00838701 /* ParamsTextField.m in Sources */ = {isa = PBXBuildFile; fileRef = E085F9F11C4681CF00838701 /* ParamsTextField.m */; };
		E085F9FD1C472EAC00838701 /* RequestModel.m in Sources */ = {isa = PBXBuildFile; fileRef = E085F9FC1C472EAC00838701 /* RequestModel.m */; };
		E085FA0D1C47479600838701 /* FHTool.m in Sources */ = {isa = PBXBuildFile; fileRef = E085FA091C47479600838701 /* FHTool.m */; };
		E085FA0E1C47479600838701 /* Foundation+Log.m in Sources */ = {isa = PBXBuildFile; fileRef = E085FA0A1C47479600838701 /* Foundation+Log.m */; };
		E085FA0F1C47479600838701 /* UIView+Frame.m in Sources */ = {isa = PBXBuildFile; fileRef = E085FA0C1C47479600838701 /* UIView+Frame.m */; };
		E085FA771C48D3A200838701 /* LLPayUtil.m in Sources */ = {isa = PBXBuildFile; fileRef = E085FA711C48D3A200838701 /* LLPayUtil.m */; };
		E085FA781C48D3A200838701 /* DESencrypt.m in Sources */ = {isa = PBXBuildFile; fileRef = E085FA731C48D3A200838701 /* DESencrypt.m */; };
		E085FA791C48D3A200838701 /* GTMBase64.m in Sources */ = {isa = PBXBuildFile; fileRef = E085FA751C48D3A200838701 /* GTMBase64.m */; };
		E085FA7D1C48DA7F00838701 /* CoreFoundation.framework in Frameworks */ = {isa = PBXBuildFile; fileRef = E085FA7C1C48DA7F00838701 /* CoreFoundation.framework */; settings = {ATTRIBUTES = (Weak, ); }; };
		E085FA7E1C48DCA600838701 /* Certificate_Shire.cer in Resources */ = {isa = PBXBuildFile; fileRef = E085FA7B1C48D4CD00838701 /* Certificate_Shire.cer */; };
		E085FA811C48E84400838701 /* MADAOPost.xcdatamodeld in Sources */ = {isa = PBXBuildFile; fileRef = E085FA7F1C48E84400838701 /* MADAOPost.xcdatamodeld */; };
		E085FAA81C4C77F000838701 /* DataManager.m in Sources */ = {isa = PBXBuildFile; fileRef = E085FAA71C4C77F000838701 /* DataManager.m */; };
		E085FAAB1C4C7D6500838701 /* DataParser.m in Sources */ = {isa = PBXBuildFile; fileRef = E085FAAA1C4C7D6500838701 /* DataParser.m */; };
		E085FAB81C4C90FE00838701 /* Arguments+CoreDataProperties.m in Sources */ = {isa = PBXBuildFile; fileRef = E085FAAD1C4C90FE00838701 /* Arguments+CoreDataProperties.m */; };
		E085FAB91C4C90FE00838701 /* Arguments.m in Sources */ = {isa = PBXBuildFile; fileRef = E085FAAF1C4C90FE00838701 /* Arguments.m */; };
		E085FABA1C4C90FE00838701 /* RequestCollection+CoreDataProperties.m in Sources */ = {isa = PBXBuildFile; fileRef = E085FAB11C4C90FE00838701 /* RequestCollection+CoreDataProperties.m */; };
		E085FABB1C4C90FE00838701 /* RequestCollection.m in Sources */ = {isa = PBXBuildFile; fileRef = E085FAB31C4C90FE00838701 /* RequestCollection.m */; };
		E085FABC1C4C90FE00838701 /* SingleRequest+CoreDataProperties.m in Sources */ = {isa = PBXBuildFile; fileRef = E085FAB51C4C90FE00838701 /* SingleRequest+CoreDataProperties.m */; };
		E085FABD1C4C90FE00838701 /* SingleRequest.m in Sources */ = {isa = PBXBuildFile; fileRef = E085FAB71C4C90FE00838701 /* SingleRequest.m */; };
		E085FABF1C4CDF1000838701 /* Certificate_Shire_x.cer in Resources */ = {isa = PBXBuildFile; fileRef = E085FABE1C4CDEE900838701 /* Certificate_Shire_x.cer */; };
		E085FB111C4F216900838701 /* FHExpandTableView.m in Sources */ = {isa = PBXBuildFile; fileRef = E085FB0E1C4F216900838701 /* FHExpandTableView.m */; };
		E085FB121C4F216900838701 /* FHExpandTableViewCell.m in Sources */ = {isa = PBXBuildFile; fileRef = E085FB101C4F216900838701 /* FHExpandTableViewCell.m */; };
		E085FB161C4F231800838701 /* MainViewController.m in Sources */ = {isa = PBXBuildFile; fileRef = E085FB151C4F231800838701 /* MainViewController.m */; };
		E085FB191C4F540D00838701 /* CollectionSetViewController.m in Sources */ = {isa = PBXBuildFile; fileRef = E085FB181C4F540D00838701 /* CollectionSetViewController.m */; };
		E085FB1C1C4F545F00838701 /* FHTextView.m in Sources */ = {isa = PBXBuildFile; fileRef = E085FB1B1C4F545F00838701 /* FHTextView.m */; };
/* End PBXBuildFile section */

/* Begin PBXContainerItemProxy section */
		E085F9C31C46510C00838701 /* PBXContainerItemProxy */ = {
			isa = PBXContainerItemProxy;
			containerPortal = E085F9A11C46510C00838701 /* Project object */;
			proxyType = 1;
			remoteGlobalIDString = E085F9A81C46510C00838701;
			remoteInfo = MADAOPost;
		};
		E085F9CE1C46510C00838701 /* PBXContainerItemProxy */ = {
			isa = PBXContainerItemProxy;
			containerPortal = E085F9A11C46510C00838701 /* Project object */;
			proxyType = 1;
			remoteGlobalIDString = E085F9A81C46510C00838701;
			remoteInfo = MADAOPost;
		};
/* End PBXContainerItemProxy section */

/* Begin PBXFileReference section */
		18DF7BB33547E7C296FEC616 /* Pods.release.xcconfig */ = {isa = PBXFileReference; includeInIndex = 1; lastKnownFileType = text.xcconfig; name = Pods.release.xcconfig; path = "Pods/Target Support Files/Pods/Pods.release.xcconfig"; sourceTree = "<group>"; };
		4881BCE71C02A6DEAE12D5D0 /* Pods.debug.xcconfig */ = {isa = PBXFileReference; includeInIndex = 1; lastKnownFileType = text.xcconfig; name = Pods.debug.xcconfig; path = "Pods/Target Support Files/Pods/Pods.debug.xcconfig"; sourceTree = "<group>"; };
		B7B98C4231D54EEE44FB41AC /* libPods.a */ = {isa = PBXFileReference; explicitFileType = archive.ar; includeInIndex = 0; path = libPods.a; sourceTree = BUILT_PRODUCTS_DIR; };
		E085F9A91C46510C00838701 /* MADAOPost.app */ = {isa = PBXFileReference; explicitFileType = wrapper.application; includeInIndex = 0; path = MADAOPost.app; sourceTree = BUILT_PRODUCTS_DIR; };
		E085F9AD1C46510C00838701 /* main.m */ = {isa = PBXFileReference; lastKnownFileType = sourcecode.c.objc; path = main.m; sourceTree = "<group>"; };
		E085F9AF1C46510C00838701 /* AppDelegate.h */ = {isa = PBXFileReference; lastKnownFileType = sourcecode.c.h; path = AppDelegate.h; sourceTree = "<group>"; };
		E085F9B01C46510C00838701 /* AppDelegate.m */ = {isa = PBXFileReference; lastKnownFileType = sourcecode.c.objc; path = AppDelegate.m; sourceTree = "<group>"; };
		E085F9B61C46510C00838701 /* Base */ = {isa = PBXFileReference; lastKnownFileType = file.storyboard; name = Base; path = Base.lproj/Main.storyboard; sourceTree = "<group>"; };
		E085F9B81C46510C00838701 /* Assets.xcassets */ = {isa = PBXFileReference; lastKnownFileType = folder.assetcatalog; path = Assets.xcassets; sourceTree = "<group>"; };
		E085F9BB1C46510C00838701 /* Base */ = {isa = PBXFileReference; lastKnownFileType = file.storyboard; name = Base; path = Base.lproj/LaunchScreen.storyboard; sourceTree = "<group>"; };
		E085F9BD1C46510C00838701 /* Info.plist */ = {isa = PBXFileReference; lastKnownFileType = text.plist.xml; path = Info.plist; sourceTree = "<group>"; };
		E085F9C21C46510C00838701 /* MADAOPostTests.xctest */ = {isa = PBXFileReference; explicitFileType = wrapper.cfbundle; includeInIndex = 0; path = MADAOPostTests.xctest; sourceTree = BUILT_PRODUCTS_DIR; };
		E085F9C61C46510C00838701 /* MADAOPostTests.m */ = {isa = PBXFileReference; lastKnownFileType = sourcecode.c.objc; path = MADAOPostTests.m; sourceTree = "<group>"; };
		E085F9C81C46510C00838701 /* Info.plist */ = {isa = PBXFileReference; lastKnownFileType = text.plist.xml; path = Info.plist; sourceTree = "<group>"; };
		E085F9CD1C46510C00838701 /* MADAOPostUITests.xctest */ = {isa = PBXFileReference; explicitFileType = wrapper.cfbundle; includeInIndex = 0; path = MADAOPostUITests.xctest; sourceTree = BUILT_PRODUCTS_DIR; };
		E085F9D11C46510C00838701 /* MADAOPostUITests.m */ = {isa = PBXFileReference; lastKnownFileType = sourcecode.c.objc; path = MADAOPostUITests.m; sourceTree = "<group>"; };
		E085F9D31C46510C00838701 /* Info.plist */ = {isa = PBXFileReference; lastKnownFileType = text.plist.xml; path = Info.plist; sourceTree = "<group>"; };
		E085F9E51C4654BB00838701 /* DetailRequestViewController.h */ = {isa = PBXFileReference; fileEncoding = 4; lastKnownFileType = sourcecode.c.h; path = DetailRequestViewController.h; sourceTree = "<group>"; };
		E085F9E61C4654BB00838701 /* DetailRequestViewController.m */ = {isa = PBXFileReference; fileEncoding = 4; lastKnownFileType = sourcecode.c.objc; path = DetailRequestViewController.m; sourceTree = "<group>"; };
		E085F9EA1C4657DA00838701 /* ParamsTableViewCell.h */ = {isa = PBXFileReference; fileEncoding = 4; lastKnownFileType = sourcecode.c.h; path = ParamsTableViewCell.h; sourceTree = "<group>"; };
		E085F9EB1C4657DA00838701 /* ParamsTableViewCell.m */ = {isa = PBXFileReference; fileEncoding = 4; lastKnownFileType = sourcecode.c.objc; path = ParamsTableViewCell.m; sourceTree = "<group>"; };
		E085F9F01C4681CF00838701 /* ParamsTextField.h */ = {isa = PBXFileReference; fileEncoding = 4; lastKnownFileType = sourcecode.c.h; path = ParamsTextField.h; sourceTree = "<group>"; };
		E085F9F11C4681CF00838701 /* ParamsTextField.m */ = {isa = PBXFileReference; fileEncoding = 4; lastKnownFileType = sourcecode.c.objc; path = ParamsTextField.m; sourceTree = "<group>"; };
		E085F9FB1C472EAC00838701 /* RequestModel.h */ = {isa = PBXFileReference; fileEncoding = 4; lastKnownFileType = sourcecode.c.h; path = RequestModel.h; sourceTree = "<group>"; };
		E085F9FC1C472EAC00838701 /* RequestModel.m */ = {isa = PBXFileReference; fileEncoding = 4; lastKnownFileType = sourcecode.c.objc; path = RequestModel.m; sourceTree = "<group>"; };
		E085FA081C47479600838701 /* FHTool.h */ = {isa = PBXFileReference; fileEncoding = 4; lastKnownFileType = sourcecode.c.h; path = FHTool.h; sourceTree = "<group>"; };
		E085FA091C47479600838701 /* FHTool.m */ = {isa = PBXFileReference; fileEncoding = 4; lastKnownFileType = sourcecode.c.objc; path = FHTool.m; sourceTree = "<group>"; };
		E085FA0A1C47479600838701 /* Foundation+Log.m */ = {isa = PBXFileReference; fileEncoding = 4; lastKnownFileType = sourcecode.c.objc; path = "Foundation+Log.m"; sourceTree = "<group>"; };
		E085FA0B1C47479600838701 /* UIView+Frame.h */ = {isa = PBXFileReference; fileEncoding = 4; lastKnownFileType = sourcecode.c.h; path = "UIView+Frame.h"; sourceTree = "<group>"; };
		E085FA0C1C47479600838701 /* UIView+Frame.m */ = {isa = PBXFileReference; fileEncoding = 4; lastKnownFileType = sourcecode.c.objc; path = "UIView+Frame.m"; sourceTree = "<group>"; };
		E085FA701C48D3A200838701 /* LLPayUtil.h */ = {isa = PBXFileReference; fileEncoding = 4; lastKnownFileType = sourcecode.c.h; path = LLPayUtil.h; sourceTree = "<group>"; };
		E085FA711C48D3A200838701 /* LLPayUtil.m */ = {isa = PBXFileReference; fileEncoding = 4; lastKnownFileType = sourcecode.c.objc; path = LLPayUtil.m; sourceTree = "<group>"; };
		E085FA721C48D3A200838701 /* DESencrypt.h */ = {isa = PBXFileReference; fileEncoding = 4; lastKnownFileType = sourcecode.c.h; path = DESencrypt.h; sourceTree = "<group>"; };
		E085FA731C48D3A200838701 /* DESencrypt.m */ = {isa = PBXFileReference; fileEncoding = 4; lastKnownFileType = sourcecode.c.objc; path = DESencrypt.m; sourceTree = "<group>"; };
		E085FA741C48D3A200838701 /* GTMBase64.h */ = {isa = PBXFileReference; fileEncoding = 4; lastKnownFileType = sourcecode.c.h; path = GTMBase64.h; sourceTree = "<group>"; };
		E085FA751C48D3A200838701 /* GTMBase64.m */ = {isa = PBXFileReference; fileEncoding = 4; lastKnownFileType = sourcecode.c.objc; path = GTMBase64.m; sourceTree = "<group>"; };
		E085FA761C48D3A200838701 /* GTMDefines.h */ = {isa = PBXFileReference; fileEncoding = 4; lastKnownFileType = sourcecode.c.h; path = GTMDefines.h; sourceTree = "<group>"; };
		E085FA7B1C48D4CD00838701 /* Certificate_Shire.cer */ = {isa = PBXFileReference; lastKnownFileType = file; path = Certificate_Shire.cer; sourceTree = "<group>"; };
		E085FA7C1C48DA7F00838701 /* CoreFoundation.framework */ = {isa = PBXFileReference; lastKnownFileType = wrapper.framework; name = CoreFoundation.framework; path = System/Library/Frameworks/CoreFoundation.framework; sourceTree = SDKROOT; };
		E085FA801C48E84400838701 /* MADAOPost.xcdatamodel */ = {isa = PBXFileReference; lastKnownFileType = wrapper.xcdatamodel; path = MADAOPost.xcdatamodel; sourceTree = "<group>"; };
		E085FAA61C4C77F000838701 /* DataManager.h */ = {isa = PBXFileReference; fileEncoding = 4; lastKnownFileType = sourcecode.c.h; path = DataManager.h; sourceTree = "<group>"; };
		E085FAA71C4C77F000838701 /* DataManager.m */ = {isa = PBXFileReference; fileEncoding = 4; lastKnownFileType = sourcecode.c.objc; path = DataManager.m; sourceTree = "<group>"; };
		E085FAA91C4C7D6500838701 /* DataParser.h */ = {isa = PBXFileReference; fileEncoding = 4; lastKnownFileType = sourcecode.c.h; path = DataParser.h; sourceTree = "<group>"; };
		E085FAAA1C4C7D6500838701 /* DataParser.m */ = {isa = PBXFileReference; fileEncoding = 4; lastKnownFileType = sourcecode.c.objc; path = DataParser.m; sourceTree = "<group>"; };
		E085FAAC1C4C90FE00838701 /* Arguments+CoreDataProperties.h */ = {isa = PBXFileReference; fileEncoding = 4; lastKnownFileType = sourcecode.c.h; path = "Arguments+CoreDataProperties.h"; sourceTree = "<group>"; };
		E085FAAD1C4C90FE00838701 /* Arguments+CoreDataProperties.m */ = {isa = PBXFileReference; fileEncoding = 4; lastKnownFileType = sourcecode.c.objc; path = "Arguments+CoreDataProperties.m"; sourceTree = "<group>"; };
		E085FAAE1C4C90FE00838701 /* Arguments.h */ = {isa = PBXFileReference; fileEncoding = 4; lastKnownFileType = sourcecode.c.h; path = Arguments.h; sourceTree = "<group>"; };
		E085FAAF1C4C90FE00838701 /* Arguments.m */ = {isa = PBXFileReference; fileEncoding = 4; lastKnownFileType = sourcecode.c.objc; path = Arguments.m; sourceTree = "<group>"; };
		E085FAB01C4C90FE00838701 /* RequestCollection+CoreDataProperties.h */ = {isa = PBXFileReference; fileEncoding = 4; lastKnownFileType = sourcecode.c.h; path = "RequestCollection+CoreDataProperties.h"; sourceTree = "<group>"; };
		E085FAB11C4C90FE00838701 /* RequestCollection+CoreDataProperties.m */ = {isa = PBXFileReference; fileEncoding = 4; lastKnownFileType = sourcecode.c.objc; path = "RequestCollection+CoreDataProperties.m"; sourceTree = "<group>"; };
		E085FAB21C4C90FE00838701 /* RequestCollection.h */ = {isa = PBXFileReference; fileEncoding = 4; lastKnownFileType = sourcecode.c.h; path = RequestCollection.h; sourceTree = "<group>"; };
		E085FAB31C4C90FE00838701 /* RequestCollection.m */ = {isa = PBXFileReference; fileEncoding = 4; lastKnownFileType = sourcecode.c.objc; path = RequestCollection.m; sourceTree = "<group>"; };
		E085FAB41C4C90FE00838701 /* SingleRequest+CoreDataProperties.h */ = {isa = PBXFileReference; fileEncoding = 4; lastKnownFileType = sourcecode.c.h; path = "SingleRequest+CoreDataProperties.h"; sourceTree = "<group>"; };
		E085FAB51C4C90FE00838701 /* SingleRequest+CoreDataProperties.m */ = {isa = PBXFileReference; fileEncoding = 4; lastKnownFileType = sourcecode.c.objc; path = "SingleRequest+CoreDataProperties.m"; sourceTree = "<group>"; };
		E085FAB61C4C90FE00838701 /* SingleRequest.h */ = {isa = PBXFileReference; fileEncoding = 4; lastKnownFileType = sourcecode.c.h; path = SingleRequest.h; sourceTree = "<group>"; };
		E085FAB71C4C90FE00838701 /* SingleRequest.m */ = {isa = PBXFileReference; fileEncoding = 4; lastKnownFileType = sourcecode.c.objc; path = SingleRequest.m; sourceTree = "<group>"; };
		E085FABE1C4CDEE900838701 /* Certificate_Shire_x.cer */ = {isa = PBXFileReference; lastKnownFileType = file; path = Certificate_Shire_x.cer; sourceTree = "<group>"; };
		E085FB0D1C4F216900838701 /* FHExpandTableView.h */ = {isa = PBXFileReference; fileEncoding = 4; lastKnownFileType = sourcecode.c.h; path = FHExpandTableView.h; sourceTree = "<group>"; };
		E085FB0E1C4F216900838701 /* FHExpandTableView.m */ = {isa = PBXFileReference; fileEncoding = 4; lastKnownFileType = sourcecode.c.objc; path = FHExpandTableView.m; sourceTree = "<group>"; };
		E085FB0F1C4F216900838701 /* FHExpandTableViewCell.h */ = {isa = PBXFileReference; fileEncoding = 4; lastKnownFileType = sourcecode.c.h; path = FHExpandTableViewCell.h; sourceTree = "<group>"; };
		E085FB101C4F216900838701 /* FHExpandTableViewCell.m */ = {isa = PBXFileReference; fileEncoding = 4; lastKnownFileType = sourcecode.c.objc; path = FHExpandTableViewCell.m; sourceTree = "<group>"; };
		E085FB141C4F231800838701 /* MainViewController.h */ = {isa = PBXFileReference; fileEncoding = 4; lastKnownFileType = sourcecode.c.h; path = MainViewController.h; sourceTree = "<group>"; };
		E085FB151C4F231800838701 /* MainViewController.m */ = {isa = PBXFileReference; fileEncoding = 4; lastKnownFileType = sourcecode.c.objc; path = MainViewController.m; sourceTree = "<group>"; };
		E085FB171C4F540D00838701 /* CollectionSetViewController.h */ = {isa = PBXFileReference; fileEncoding = 4; lastKnownFileType = sourcecode.c.h; path = CollectionSetViewController.h; sourceTree = "<group>"; };
		E085FB181C4F540D00838701 /* CollectionSetViewController.m */ = {isa = PBXFileReference; fileEncoding = 4; lastKnownFileType = sourcecode.c.objc; path = CollectionSetViewController.m; sourceTree = "<group>"; };
		E085FB1A1C4F545F00838701 /* FHTextView.h */ = {isa = PBXFileReference; fileEncoding = 4; lastKnownFileType = sourcecode.c.h; path = FHTextView.h; sourceTree = "<group>"; };
		E085FB1B1C4F545F00838701 /* FHTextView.m */ = {isa = PBXFileReference; fileEncoding = 4; lastKnownFileType = sourcecode.c.objc; path = FHTextView.m; sourceTree = "<group>"; };
/* End PBXFileReference section */

/* Begin PBXFrameworksBuildPhase section */
		E085F9A61C46510C00838701 /* Frameworks */ = {
			isa = PBXFrameworksBuildPhase;
			buildActionMask = 2147483647;
			files = (
				E085FA7D1C48DA7F00838701 /* CoreFoundation.framework in Frameworks */,
				8F4E982EAD6AF7A0E413AF0E /* libPods.a in Frameworks */,
			);
			runOnlyForDeploymentPostprocessing = 0;
		};
		E085F9BF1C46510C00838701 /* Frameworks */ = {
			isa = PBXFrameworksBuildPhase;
			buildActionMask = 2147483647;
			files = (
			);
			runOnlyForDeploymentPostprocessing = 0;
		};
		E085F9CA1C46510C00838701 /* Frameworks */ = {
			isa = PBXFrameworksBuildPhase;
			buildActionMask = 2147483647;
			files = (
			);
			runOnlyForDeploymentPostprocessing = 0;
		};
/* End PBXFrameworksBuildPhase section */

/* Begin PBXGroup section */
		579295FC6A9ACDAABCF5B533 /* Frameworks */ = {
			isa = PBXGroup;
			children = (
				E085FA7C1C48DA7F00838701 /* CoreFoundation.framework */,
				B7B98C4231D54EEE44FB41AC /* libPods.a */,
			);
			name = Frameworks;
			sourceTree = "<group>";
		};
		BC2EDDBAE5633FAEE966C8A7 /* Pods */ = {
			isa = PBXGroup;
			children = (
				4881BCE71C02A6DEAE12D5D0 /* Pods.debug.xcconfig */,
				18DF7BB33547E7C296FEC616 /* Pods.release.xcconfig */,
			);
			name = Pods;
			sourceTree = "<group>";
		};
		E085F9A01C46510C00838701 = {
			isa = PBXGroup;
			children = (
				E085F9AB1C46510C00838701 /* MADAOPost */,
				E085F9C51C46510C00838701 /* MADAOPostTests */,
				E085F9D01C46510C00838701 /* MADAOPostUITests */,
				E085F9AA1C46510C00838701 /* Products */,
				BC2EDDBAE5633FAEE966C8A7 /* Pods */,
				579295FC6A9ACDAABCF5B533 /* Frameworks */,
			);
			sourceTree = "<group>";
		};
		E085F9AA1C46510C00838701 /* Products */ = {
			isa = PBXGroup;
			children = (
				E085F9A91C46510C00838701 /* MADAOPost.app */,
				E085F9C21C46510C00838701 /* MADAOPostTests.xctest */,
				E085F9CD1C46510C00838701 /* MADAOPostUITests.xctest */,
			);
			name = Products;
			sourceTree = "<group>";
		};
		E085F9AB1C46510C00838701 /* MADAOPost */ = {
			isa = PBXGroup;
			children = (
				E085FA7A1C48D3AA00838701 /* Util */,
				E085F9FA1C472E0500838701 /* Model */,
				E085F9F61C46838B00838701 /* Extension */,
				E085F9EF1C46819600838701 /* CustomWidgets */,
				E085F9E91C4657B100838701 /* View */,
				E085F9E81C4654C500838701 /* ViewControllers */,
				E085F9B51C46510C00838701 /* Main.storyboard */,
				E085F9AF1C46510C00838701 /* AppDelegate.h */,
				E085F9B01C46510C00838701 /* AppDelegate.m */,
				E085FA7F1C48E84400838701 /* MADAOPost.xcdatamodeld */,
				E085F9AC1C46510C00838701 /* Supporting Files */,
			);
			path = MADAOPost;
			sourceTree = "<group>";
		};
		E085F9AC1C46510C00838701 /* Supporting Files */ = {
			isa = PBXGroup;
			children = (
				E085F9B81C46510C00838701 /* Assets.xcassets */,
				E085F9BA1C46510C00838701 /* LaunchScreen.storyboard */,
				E085F9BD1C46510C00838701 /* Info.plist */,
				E085FABE1C4CDEE900838701 /* Certificate_Shire_x.cer */,
				E085FA7B1C48D4CD00838701 /* Certificate_Shire.cer */,
				E085F9AD1C46510C00838701 /* main.m */,
			);
			name = "Supporting Files";
			sourceTree = "<group>";
		};
		E085F9C51C46510C00838701 /* MADAOPostTests */ = {
			isa = PBXGroup;
			children = (
				E085F9C61C46510C00838701 /* MADAOPostTests.m */,
				E085F9C81C46510C00838701 /* Info.plist */,
			);
			path = MADAOPostTests;
			sourceTree = "<group>";
		};
		E085F9D01C46510C00838701 /* MADAOPostUITests */ = {
			isa = PBXGroup;
			children = (
				E085F9D11C46510C00838701 /* MADAOPostUITests.m */,
				E085F9D31C46510C00838701 /* Info.plist */,
			);
			path = MADAOPostUITests;
			sourceTree = "<group>";
		};
		E085F9E81C4654C500838701 /* ViewControllers */ = {
			isa = PBXGroup;
			children = (
				E085FB141C4F231800838701 /* MainViewController.h */,
				E085FB151C4F231800838701 /* MainViewController.m */,
				E085FB171C4F540D00838701 /* CollectionSetViewController.h */,
				E085FB181C4F540D00838701 /* CollectionSetViewController.m */,
				E085F9E51C4654BB00838701 /* DetailRequestViewController.h */,
				E085F9E61C4654BB00838701 /* DetailRequestViewController.m */,
			);
			name = ViewControllers;
			sourceTree = "<group>";
		};
		E085F9E91C4657B100838701 /* View */ = {
			isa = PBXGroup;
			children = (
				E085FB1D1C4F546300838701 /* CustomWidgets */,
				E085FB131C4F217100838701 /* FHExpandTableView */,
				E085F9EA1C4657DA00838701 /* ParamsTableViewCell.h */,
				E085F9EB1C4657DA00838701 /* ParamsTableViewCell.m */,
			);
			name = View;
			sourceTree = "<group>";
		};
		E085F9EF1C46819600838701 /* CustomWidgets */ = {
			isa = PBXGroup;
			children = (
				E085F9F01C4681CF00838701 /* ParamsTextField.h */,
				E085F9F11C4681CF00838701 /* ParamsTextField.m */,
			);
			name = CustomWidgets;
			sourceTree = "<group>";
		};
		E085F9F61C46838B00838701 /* Extension */ = {
			isa = PBXGroup;
			children = (
				E085FA081C47479600838701 /* FHTool.h */,
				E085FA091C47479600838701 /* FHTool.m */,
				E085FA0A1C47479600838701 /* Foundation+Log.m */,
				E085FA0B1C47479600838701 /* UIView+Frame.h */,
				E085FA0C1C47479600838701 /* UIView+Frame.m */,
			);
			name = Extension;
			sourceTree = "<group>";
		};
		E085F9FA1C472E0500838701 /* Model */ = {
			isa = PBXGroup;
			children = (
				E085FAAC1C4C90FE00838701 /* Arguments+CoreDataProperties.h */,
				E085FAAD1C4C90FE00838701 /* Arguments+CoreDataProperties.m */,
				E085FAAE1C4C90FE00838701 /* Arguments.h */,
				E085FAAF1C4C90FE00838701 /* Arguments.m */,
				E085FAB01C4C90FE00838701 /* RequestCollection+CoreDataProperties.h */,
				E085FAB11C4C90FE00838701 /* RequestCollection+CoreDataProperties.m */,
				E085FAB21C4C90FE00838701 /* RequestCollection.h */,
				E085FAB31C4C90FE00838701 /* RequestCollection.m */,
				E085FAB41C4C90FE00838701 /* SingleRequest+CoreDataProperties.h */,
				E085FAB51C4C90FE00838701 /* SingleRequest+CoreDataProperties.m */,
				E085FAB61C4C90FE00838701 /* SingleRequest.h */,
				E085FAB71C4C90FE00838701 /* SingleRequest.m */,
				E085F9FB1C472EAC00838701 /* RequestModel.h */,
				E085F9FC1C472EAC00838701 /* RequestModel.m */,
				E085FAA61C4C77F000838701 /* DataManager.h */,
				E085FAA71C4C77F000838701 /* DataManager.m */,
				E085FAA91C4C7D6500838701 /* DataParser.h */,
				E085FAAA1C4C7D6500838701 /* DataParser.m */,
			);
			name = Model;
			sourceTree = "<group>";
		};
		E085FA7A1C48D3AA00838701 /* Util */ = {
			isa = PBXGroup;
			children = (
				E085FA701C48D3A200838701 /* LLPayUtil.h */,
				E085FA711C48D3A200838701 /* LLPayUtil.m */,
				E085FA721C48D3A200838701 /* DESencrypt.h */,
				E085FA731C48D3A200838701 /* DESencrypt.m */,
				E085FA741C48D3A200838701 /* GTMBase64.h */,
				E085FA751C48D3A200838701 /* GTMBase64.m */,
				E085FA761C48D3A200838701 /* GTMDefines.h */,
			);
			name = Util;
			sourceTree = "<group>";
		};
		E085FB131C4F217100838701 /* FHExpandTableView */ = {
			isa = PBXGroup;
			children = (
				E085FB0D1C4F216900838701 /* FHExpandTableView.h */,
				E085FB0E1C4F216900838701 /* FHExpandTableView.m */,
				E085FB0F1C4F216900838701 /* FHExpandTableViewCell.h */,
				E085FB101C4F216900838701 /* FHExpandTableViewCell.m */,
			);
			name = FHExpandTableView;
			sourceTree = "<group>";
		};
		E085FB1D1C4F546300838701 /* CustomWidgets */ = {
			isa = PBXGroup;
			children = (
				E085FB1A1C4F545F00838701 /* FHTextView.h */,
				E085FB1B1C4F545F00838701 /* FHTextView.m */,
			);
			name = CustomWidgets;
			sourceTree = "<group>";
		};
/* End PBXGroup section */

/* Begin PBXNativeTarget section */
		E085F9A81C46510C00838701 /* MADAOPost */ = {
			isa = PBXNativeTarget;
			buildConfigurationList = E085F9D61C46510C00838701 /* Build configuration list for PBXNativeTarget "MADAOPost" */;
			buildPhases = (
				0DB7E986F67D6DD75FCFC519 /* Check Pods Manifest.lock */,
				E085F9A51C46510C00838701 /* Sources */,
				E085F9A61C46510C00838701 /* Frameworks */,
				E085F9A71C46510C00838701 /* Resources */,
				5A2EB7BF09363EAA6963C8C5 /* Embed Pods Frameworks */,
				633459E4864D8E0154D64FD2 /* Copy Pods Resources */,
			);
			buildRules = (
			);
			dependencies = (
			);
			name = MADAOPost;
			productName = MADAOPost;
			productReference = E085F9A91C46510C00838701 /* MADAOPost.app */;
			productType = "com.apple.product-type.application";
		};
		E085F9C11C46510C00838701 /* MADAOPostTests */ = {
			isa = PBXNativeTarget;
			buildConfigurationList = E085F9D91C46510C00838701 /* Build configuration list for PBXNativeTarget "MADAOPostTests" */;
			buildPhases = (
				E085F9BE1C46510C00838701 /* Sources */,
				E085F9BF1C46510C00838701 /* Frameworks */,
				E085F9C01C46510C00838701 /* Resources */,
			);
			buildRules = (
			);
			dependencies = (
				E085F9C41C46510C00838701 /* PBXTargetDependency */,
			);
			name = MADAOPostTests;
			productName = MADAOPostTests;
			productReference = E085F9C21C46510C00838701 /* MADAOPostTests.xctest */;
			productType = "com.apple.product-type.bundle.unit-test";
		};
		E085F9CC1C46510C00838701 /* MADAOPostUITests */ = {
			isa = PBXNativeTarget;
			buildConfigurationList = E085F9DC1C46510C00838701 /* Build configuration list for PBXNativeTarget "MADAOPostUITests" */;
			buildPhases = (
				E085F9C91C46510C00838701 /* Sources */,
				E085F9CA1C46510C00838701 /* Frameworks */,
				E085F9CB1C46510C00838701 /* Resources */,
			);
			buildRules = (
			);
			dependencies = (
				E085F9CF1C46510C00838701 /* PBXTargetDependency */,
			);
			name = MADAOPostUITests;
			productName = MADAOPostUITests;
			productReference = E085F9CD1C46510C00838701 /* MADAOPostUITests.xctest */;
			productType = "com.apple.product-type.bundle.ui-testing";
		};
/* End PBXNativeTarget section */

/* Begin PBXProject section */
		E085F9A11C46510C00838701 /* Project object */ = {
			isa = PBXProject;
			attributes = {
				LastUpgradeCheck = 0720;
				ORGANIZATIONNAME = MADAO;
				TargetAttributes = {
					E085F9A81C46510C00838701 = {
						CreatedOnToolsVersion = 7.2;
						DevelopmentTeam = H3MEX3W3VV;
					};
					E085F9C11C46510C00838701 = {
						CreatedOnToolsVersion = 7.2;
						TestTargetID = E085F9A81C46510C00838701;
					};
					E085F9CC1C46510C00838701 = {
						CreatedOnToolsVersion = 7.2;
						TestTargetID = E085F9A81C46510C00838701;
					};
				};
			};
			buildConfigurationList = E085F9A41C46510C00838701 /* Build configuration list for PBXProject "MADAOPost" */;
			compatibilityVersion = "Xcode 3.2";
			developmentRegion = English;
			hasScannedForEncodings = 0;
			knownRegions = (
				en,
				Base,
			);
			mainGroup = E085F9A01C46510C00838701;
			productRefGroup = E085F9AA1C46510C00838701 /* Products */;
			projectDirPath = "";
			projectRoot = "";
			targets = (
				E085F9A81C46510C00838701 /* MADAOPost */,
				E085F9C11C46510C00838701 /* MADAOPostTests */,
				E085F9CC1C46510C00838701 /* MADAOPostUITests */,
			);
		};
/* End PBXProject section */

/* Begin PBXResourcesBuildPhase section */
		E085F9A71C46510C00838701 /* Resources */ = {
			isa = PBXResourcesBuildPhase;
			buildActionMask = 2147483647;
			files = (
				E085FABF1C4CDF1000838701 /* Certificate_Shire_x.cer in Resources */,
				E085FA7E1C48DCA600838701 /* Certificate_Shire.cer in Resources */,
				E085F9BC1C46510C00838701 /* LaunchScreen.storyboard in Resources */,
				E085F9B91C46510C00838701 /* Assets.xcassets in Resources */,
				E085F9B71C46510C00838701 /* Main.storyboard in Resources */,
			);
			runOnlyForDeploymentPostprocessing = 0;
		};
		E085F9C01C46510C00838701 /* Resources */ = {
			isa = PBXResourcesBuildPhase;
			buildActionMask = 2147483647;
			files = (
			);
			runOnlyForDeploymentPostprocessing = 0;
		};
		E085F9CB1C46510C00838701 /* Resources */ = {
			isa = PBXResourcesBuildPhase;
			buildActionMask = 2147483647;
			files = (
			);
			runOnlyForDeploymentPostprocessing = 0;
		};
/* End PBXResourcesBuildPhase section */

/* Begin PBXShellScriptBuildPhase section */
		0DB7E986F67D6DD75FCFC519 /* Check Pods Manifest.lock */ = {
			isa = PBXShellScriptBuildPhase;
			buildActionMask = 2147483647;
			files = (
			);
			inputPaths = (
			);
			name = "Check Pods Manifest.lock";
			outputPaths = (
			);
			runOnlyForDeploymentPostprocessing = 0;
			shellPath = /bin/sh;
			shellScript = "diff \"${PODS_ROOT}/../Podfile.lock\" \"${PODS_ROOT}/Manifest.lock\" > /dev/null\nif [[ $? != 0 ]] ; then\n    cat << EOM\nerror: The sandbox is not in sync with the Podfile.lock. Run 'pod install' or update your CocoaPods installation.\nEOM\n    exit 1\nfi\n";
			showEnvVarsInLog = 0;
		};
		5A2EB7BF09363EAA6963C8C5 /* Embed Pods Frameworks */ = {
			isa = PBXShellScriptBuildPhase;
			buildActionMask = 2147483647;
			files = (
			);
			inputPaths = (
			);
			name = "Embed Pods Frameworks";
			outputPaths = (
			);
			runOnlyForDeploymentPostprocessing = 0;
			shellPath = /bin/sh;
			shellScript = "\"${SRCROOT}/Pods/Target Support Files/Pods/Pods-frameworks.sh\"\n";
			showEnvVarsInLog = 0;
		};
		633459E4864D8E0154D64FD2 /* Copy Pods Resources */ = {
			isa = PBXShellScriptBuildPhase;
			buildActionMask = 2147483647;
			files = (
			);
			inputPaths = (
			);
			name = "Copy Pods Resources";
			outputPaths = (
			);
			runOnlyForDeploymentPostprocessing = 0;
			shellPath = /bin/sh;
			shellScript = "\"${SRCROOT}/Pods/Target Support Files/Pods/Pods-resources.sh\"\n";
			showEnvVarsInLog = 0;
		};
/* End PBXShellScriptBuildPhase section */

/* Begin PBXSourcesBuildPhase section */
		E085F9A51C46510C00838701 /* Sources */ = {
			isa = PBXSourcesBuildPhase;
			buildActionMask = 2147483647;
			files = (
				E085FAAB1C4C7D6500838701 /* DataParser.m in Sources */,
				E085FAB81C4C90FE00838701 /* Arguments+CoreDataProperties.m in Sources */,
				E085FB161C4F231800838701 /* MainViewController.m in Sources */,
				E085FA0E1C47479600838701 /* Foundation+Log.m in Sources */,
				E085FB1C1C4F545F00838701 /* FHTextView.m in Sources */,
				E085F9F21C4681CF00838701 /* ParamsTextField.m in Sources */,
				E085F9B11C46510C00838701 /* AppDelegate.m in Sources */,
				E085FA811C48E84400838701 /* MADAOPost.xcdatamodeld in Sources */,
				E085FABB1C4C90FE00838701 /* RequestCollection.m in Sources */,
				E085FB111C4F216900838701 /* FHExpandTableView.m in Sources */,
				E085FABC1C4C90FE00838701 /* SingleRequest+CoreDataProperties.m in Sources */,
				E085FA781C48D3A200838701 /* DESencrypt.m in Sources */,
				E085F9FD1C472EAC00838701 /* RequestModel.m in Sources */,
				E085F9E71C4654BB00838701 /* DetailRequestViewController.m in Sources */,
				E085F9ED1C4657DA00838701 /* ParamsTableViewCell.m in Sources */,
				E085F9AE1C46510C00838701 /* main.m in Sources */,
				E085FABA1C4C90FE00838701 /* RequestCollection+CoreDataProperties.m in Sources */,
				E085FA0D1C47479600838701 /* FHTool.m in Sources */,
				E085FAA81C4C77F000838701 /* DataManager.m in Sources */,
				E085FB191C4F540D00838701 /* CollectionSetViewController.m in Sources */,
				E085FA791C48D3A200838701 /* GTMBase64.m in Sources */,
				E085FB121C4F216900838701 /* FHExpandTableViewCell.m in Sources */,
				E085FA0F1C47479600838701 /* UIView+Frame.m in Sources */,
				E085FABD1C4C90FE00838701 /* SingleRequest.m in Sources */,
				E085FAB91C4C90FE00838701 /* Arguments.m in Sources */,
				E085FA771C48D3A200838701 /* LLPayUtil.m in Sources */,
			);
			runOnlyForDeploymentPostprocessing = 0;
		};
		E085F9BE1C46510C00838701 /* Sources */ = {
			isa = PBXSourcesBuildPhase;
			buildActionMask = 2147483647;
			files = (
				E085F9C71C46510C00838701 /* MADAOPostTests.m in Sources */,
			);
			runOnlyForDeploymentPostprocessing = 0;
		};
		E085F9C91C46510C00838701 /* Sources */ = {
			isa = PBXSourcesBuildPhase;
			buildActionMask = 2147483647;
			files = (
				E085F9D21C46510C00838701 /* MADAOPostUITests.m in Sources */,
			);
			runOnlyForDeploymentPostprocessing = 0;
		};
/* End PBXSourcesBuildPhase section */

/* Begin PBXTargetDependency section */
		E085F9C41C46510C00838701 /* PBXTargetDependency */ = {
			isa = PBXTargetDependency;
			target = E085F9A81C46510C00838701 /* MADAOPost */;
			targetProxy = E085F9C31C46510C00838701 /* PBXContainerItemProxy */;
		};
		E085F9CF1C46510C00838701 /* PBXTargetDependency */ = {
			isa = PBXTargetDependency;
			target = E085F9A81C46510C00838701 /* MADAOPost */;
			targetProxy = E085F9CE1C46510C00838701 /* PBXContainerItemProxy */;
		};
/* End PBXTargetDependency section */

/* Begin PBXVariantGroup section */
		E085F9B51C46510C00838701 /* Main.storyboard */ = {
			isa = PBXVariantGroup;
			children = (
				E085F9B61C46510C00838701 /* Base */,
			);
			name = Main.storyboard;
			sourceTree = "<group>";
		};
		E085F9BA1C46510C00838701 /* LaunchScreen.storyboard */ = {
			isa = PBXVariantGroup;
			children = (
				E085F9BB1C46510C00838701 /* Base */,
			);
			name = LaunchScreen.storyboard;
			sourceTree = "<group>";
		};
/* End PBXVariantGroup section */

/* Begin XCBuildConfiguration section */
		E085F9D41C46510C00838701 /* Debug */ = {
			isa = XCBuildConfiguration;
			buildSettings = {
				ALWAYS_SEARCH_USER_PATHS = NO;
				CLANG_CXX_LANGUAGE_STANDARD = "gnu++0x";
				CLANG_CXX_LIBRARY = "libc++";
				CLANG_ENABLE_MODULES = YES;
				CLANG_ENABLE_OBJC_ARC = YES;
				CLANG_WARN_BOOL_CONVERSION = YES;
				CLANG_WARN_CONSTANT_CONVERSION = YES;
				CLANG_WARN_DIRECT_OBJC_ISA_USAGE = YES_ERROR;
				CLANG_WARN_EMPTY_BODY = YES;
				CLANG_WARN_ENUM_CONVERSION = YES;
				CLANG_WARN_INT_CONVERSION = YES;
				CLANG_WARN_OBJC_ROOT_CLASS = YES_ERROR;
				CLANG_WARN_UNREACHABLE_CODE = YES;
				CLANG_WARN__DUPLICATE_METHOD_MATCH = YES;
				"CODE_SIGN_IDENTITY[sdk=iphoneos*]" = "iPhone Developer";
				COPY_PHASE_STRIP = NO;
				DEBUG_INFORMATION_FORMAT = dwarf;
				ENABLE_STRICT_OBJC_MSGSEND = YES;
				ENABLE_TESTABILITY = YES;
				GCC_C_LANGUAGE_STANDARD = gnu99;
				GCC_DYNAMIC_NO_PIC = NO;
				GCC_NO_COMMON_BLOCKS = YES;
				GCC_OPTIMIZATION_LEVEL = 0;
				GCC_PREPROCESSOR_DEFINITIONS = (
					"DEBUG=1",
					"$(inherited)",
				);
				GCC_WARN_64_TO_32_BIT_CONVERSION = YES;
				GCC_WARN_ABOUT_RETURN_TYPE = YES_ERROR;
				GCC_WARN_UNDECLARED_SELECTOR = YES;
				GCC_WARN_UNINITIALIZED_AUTOS = YES_AGGRESSIVE;
				GCC_WARN_UNUSED_FUNCTION = YES;
				GCC_WARN_UNUSED_VARIABLE = YES;
				IPHONEOS_DEPLOYMENT_TARGET = 9.2;
				MTL_ENABLE_DEBUG_INFO = YES;
				ONLY_ACTIVE_ARCH = YES;
				SDKROOT = iphoneos;
			};
			name = Debug;
		};
		E085F9D51C46510C00838701 /* Release */ = {
			isa = XCBuildConfiguration;
			buildSettings = {
				ALWAYS_SEARCH_USER_PATHS = NO;
				CLANG_CXX_LANGUAGE_STANDARD = "gnu++0x";
				CLANG_CXX_LIBRARY = "libc++";
				CLANG_ENABLE_MODULES = YES;
				CLANG_ENABLE_OBJC_ARC = YES;
				CLANG_WARN_BOOL_CONVERSION = YES;
				CLANG_WARN_CONSTANT_CONVERSION = YES;
				CLANG_WARN_DIRECT_OBJC_ISA_USAGE = YES_ERROR;
				CLANG_WARN_EMPTY_BODY = YES;
				CLANG_WARN_ENUM_CONVERSION = YES;
				CLANG_WARN_INT_CONVERSION = YES;
				CLANG_WARN_OBJC_ROOT_CLASS = YES_ERROR;
				CLANG_WARN_UNREACHABLE_CODE = YES;
				CLANG_WARN__DUPLICATE_METHOD_MATCH = YES;
				"CODE_SIGN_IDENTITY[sdk=iphoneos*]" = "iPhone Developer";
				COPY_PHASE_STRIP = NO;
				DEBUG_INFORMATION_FORMAT = "dwarf-with-dsym";
				ENABLE_NS_ASSERTIONS = NO;
				ENABLE_STRICT_OBJC_MSGSEND = YES;
				GCC_C_LANGUAGE_STANDARD = gnu99;
				GCC_NO_COMMON_BLOCKS = YES;
				GCC_WARN_64_TO_32_BIT_CONVERSION = YES;
				GCC_WARN_ABOUT_RETURN_TYPE = YES_ERROR;
				GCC_WARN_UNDECLARED_SELECTOR = YES;
				GCC_WARN_UNINITIALIZED_AUTOS = YES_AGGRESSIVE;
				GCC_WARN_UNUSED_FUNCTION = YES;
				GCC_WARN_UNUSED_VARIABLE = YES;
				IPHONEOS_DEPLOYMENT_TARGET = 9.2;
				MTL_ENABLE_DEBUG_INFO = NO;
				SDKROOT = iphoneos;
				VALIDATE_PRODUCT = YES;
			};
			name = Release;
		};
		E085F9D71C46510C00838701 /* Debug */ = {
			isa = XCBuildConfiguration;
			baseConfigurationReference = 4881BCE71C02A6DEAE12D5D0 /* Pods.debug.xcconfig */;
			buildSettings = {
				ASSETCATALOG_COMPILER_APPICON_NAME = AppIcon;
				CODE_SIGN_IDENTITY = "iPhone Developer";
				INFOPLIST_FILE = MADAOPost/Info.plist;
				IPHONEOS_DEPLOYMENT_TARGET = 8.1;
				LD_RUNPATH_SEARCH_PATHS = "$(inherited) @executable_path/Frameworks";
				PRODUCT_BUNDLE_IDENTIFIER = com.MADAO.MADAOPost2;
				PRODUCT_NAME = "$(TARGET_NAME)";
			};
			name = Debug;
		};
		E085F9D81C46510C00838701 /* Release */ = {
			isa = XCBuildConfiguration;
			baseConfigurationReference = 18DF7BB33547E7C296FEC616 /* Pods.release.xcconfig */;
			buildSettings = {
				ASSETCATALOG_COMPILER_APPICON_NAME = AppIcon;
				CODE_SIGN_IDENTITY = "iPhone Developer";
				INFOPLIST_FILE = MADAOPost/Info.plist;
				IPHONEOS_DEPLOYMENT_TARGET = 8.1;
				LD_RUNPATH_SEARCH_PATHS = "$(inherited) @executable_path/Frameworks";
				PRODUCT_BUNDLE_IDENTIFIER = com.MADAO.MADAOPost2;
				PRODUCT_NAME = "$(TARGET_NAME)";
			};
			name = Release;
		};
		E085F9DA1C46510C00838701 /* Debug */ = {
			isa = XCBuildConfiguration;
			buildSettings = {
				BUNDLE_LOADER = "$(TEST_HOST)";
				INFOPLIST_FILE = MADAOPostTests/Info.plist;
				LD_RUNPATH_SEARCH_PATHS = "$(inherited) @executable_path/Frameworks @loader_path/Frameworks";
				PRODUCT_BUNDLE_IDENTIFIER = com.MADAO.MADAOPostTests;
				PRODUCT_NAME = "$(TARGET_NAME)";
				TEST_HOST = "$(BUILT_PRODUCTS_DIR)/MADAOPost.app/MADAOPost";
			};
			name = Debug;
		};
		E085F9DB1C46510C00838701 /* Release */ = {
			isa = XCBuildConfiguration;
			buildSettings = {
				BUNDLE_LOADER = "$(TEST_HOST)";
				INFOPLIST_FILE = MADAOPostTests/Info.plist;
				LD_RUNPATH_SEARCH_PATHS = "$(inherited) @executable_path/Frameworks @loader_path/Frameworks";
				PRODUCT_BUNDLE_IDENTIFIER = com.MADAO.MADAOPostTests;
				PRODUCT_NAME = "$(TARGET_NAME)";
				TEST_HOST = "$(BUILT_PRODUCTS_DIR)/MADAOPost.app/MADAOPost";
			};
			name = Release;
		};
		E085F9DD1C46510C00838701 /* Debug */ = {
			isa = XCBuildConfiguration;
			buildSettings = {
				INFOPLIST_FILE = MADAOPostUITests/Info.plist;
				LD_RUNPATH_SEARCH_PATHS = "$(inherited) @executable_path/Frameworks @loader_path/Frameworks";
				PRODUCT_BUNDLE_IDENTIFIER = com.MADAO.MADAOPostUITests;
				PRODUCT_NAME = "$(TARGET_NAME)";
				TEST_TARGET_NAME = MADAOPost;
				USES_XCTRUNNER = YES;
			};
			name = Debug;
		};
		E085F9DE1C46510C00838701 /* Release */ = {
			isa = XCBuildConfiguration;
			buildSettings = {
				INFOPLIST_FILE = MADAOPostUITests/Info.plist;
				LD_RUNPATH_SEARCH_PATHS = "$(inherited) @executable_path/Frameworks @loader_path/Frameworks";
				PRODUCT_BUNDLE_IDENTIFIER = com.MADAO.MADAOPostUITests;
				PRODUCT_NAME = "$(TARGET_NAME)";
				TEST_TARGET_NAME = MADAOPost;
				USES_XCTRUNNER = YES;
			};
			name = Release;
		};
/* End XCBuildConfiguration section */

/* Begin XCConfigurationList section */
		E085F9A41C46510C00838701 /* Build configuration list for PBXProject "MADAOPost" */ = {
			isa = XCConfigurationList;
			buildConfigurations = (
				E085F9D41C46510C00838701 /* Debug */,
				E085F9D51C46510C00838701 /* Release */,
			);
			defaultConfigurationIsVisible = 0;
			defaultConfigurationName = Release;
		};
		E085F9D61C46510C00838701 /* Build configuration list for PBXNativeTarget "MADAOPost" */ = {
			isa = XCConfigurationList;
			buildConfigurations = (
				E085F9D71C46510C00838701 /* Debug */,
				E085F9D81C46510C00838701 /* Release */,
			);
			defaultConfigurationIsVisible = 0;
			defaultConfigurationName = Release;
		};
		E085F9D91C46510C00838701 /* Build configuration list for PBXNativeTarget "MADAOPostTests" */ = {
			isa = XCConfigurationList;
			buildConfigurations = (
				E085F9DA1C46510C00838701 /* Debug */,
				E085F9DB1C46510C00838701 /* Release */,
			);
			defaultConfigurationIsVisible = 0;
			defaultConfigurationName = Release;
		};
		E085F9DC1C46510C00838701 /* Build configuration list for PBXNativeTarget "MADAOPostUITests" */ = {
			isa = XCConfigurationList;
			buildConfigurations = (
				E085F9DD1C46510C00838701 /* Debug */,
				E085F9DE1C46510C00838701 /* Release */,
			);
			defaultConfigurationIsVisible = 0;
			defaultConfigurationName = Release;
		};
/* End XCConfigurationList section */

/* Begin XCVersionGroup section */
		E085FA7F1C48E84400838701 /* MADAOPost.xcdatamodeld */ = {
			isa = XCVersionGroup;
			children = (
				E085FA801C48E84400838701 /* MADAOPost.xcdatamodel */,
			);
			currentVersion = E085FA801C48E84400838701 /* MADAOPost.xcdatamodel */;
			path = MADAOPost.xcdatamodeld;
			sourceTree = "<group>";
			versionGroupType = wrapper.xcdatamodel;
		};
/* End XCVersionGroup section */
	};
	rootObject = E085F9A11C46510C00838701 /* Project object */;
}
